lockfileVersion: '9.0'

settings:
  autoInstallPeers: true
  excludeLinksFromLockfile: false

importers:

  .:
    dependencies:
      es-toolkit:
        specifier: 1.45.0
        version: 1.45.0

packages:

  es-toolkit@1.45.0:
    resolution: {integrity: sha512-RArCX+Zea16+R1jg4mH223Z8p/ivbJjIkU3oC6ld2bdUfmDxiCkFYSi9zLOR2anucWJUeH4Djnzgd0im0nD3dw==}

snapshots:

  es-toolkit@1.45.0: {}
