lockfileVersion: '9.0'

settings:
  autoInstallPeers: true
  excludeLinksFromLockfile: false

importers:

  .:
    dependencies:
      es-toolkit:
        specifier: 1.52.0
        version: 1.52.0

packages:

  es-toolkit@1.52.0:
    resolution: {integrity: sha512-XTNEJQh1tY1ZJVcf6ayP/2n4ZPyaHlW2FWs7xvw5ddPuhUVjLD3olQVQS7kf58JbAB48iL0uL/jerTrjtV3lDA==}

snapshots:

  es-toolkit@1.52.0: {}
